
Microsoft Visual Studio Solution File, Format Version 12.00
# Visual Studio 15
VisualStudioVersion = 15.0.27130.2010
MinimumVisualStudioVersion = 10.0.40219.1
Project("{FAE04EC0-301F-11D3-BF4B-00C04F79EFBC}") = "InvoiceManagment", "InvoiceManagment\InvoiceManagment.csproj", "{451E692A-1E53-4057-940B-0430438163AC}"
EndProject
Project("{FAE04EC0-301F-11D3-BF4B-00C04F79EFBC}") = "BusinessLogic", "BusinessLogic\BusinessLogic.csproj", "{7EAB9E73-D4C7-4223-8F13-E1DC1F416B16}"
EndProject
Project("{FAE04EC0-301F-11D3-BF4B-00C04F79EFBC}") = "Model", "Model\Model.csproj", "{C37CD48B-8D7E-4792-82D6-B95A702C3FF7}"
EndProject
Project("{FAE04EC0-301F-11D3-BF4B-00C04F79EFBC}") = "DataHandeler", "DataHandeler\DataHandeler.csproj", "{0D830752-94B6-4DC8-B98C-C9C4B641EACB}"
EndProject
Global
	GlobalSection(SolutionConfigurationPlatforms) = preSolution
		Debug|Any CPU = Debug|Any CPU
		Debug|ARM = Debug|ARM
		Debug|x64 = Debug|x64
		Debug|x86 = Debug|x86
		Release|Any CPU = Release|Any CPU
		Release|ARM = Release|ARM
		Release|x64 = Release|x64
		Release|x86 = Release|x86
	EndGlobalSection
	GlobalSection(ProjectConfigurationPlatforms) = postSolution
		{451E692A-1E53-4057-940B-0430438163AC}.Debug|Any CPU.ActiveCfg = Debug|Any CPU
		{451E692A-1E53-4057-940B-0430438163AC}.Debug|Any CPU.Build.0 = Debug|Any CPU
		{451E692A-1E53-4057-940B-0430438163AC}.Debug|ARM.ActiveCfg = Debug|Any CPU
		{451E692A-1E53-4057-940B-0430438163AC}.Debug|ARM.Build.0 = Debug|Any CPU
		{451E692A-1E53-4057-940B-0430438163AC}.Debug|x64.ActiveCfg = Debug|Any CPU
		{451E692A-1E53-4057-940B-0430438163AC}.Debug|x64.Build.0 = Debug|Any CPU
		{451E692A-1E53-4057-940B-0430438163AC}.Debug|x86.ActiveCfg = Debug|Any CPU
		{451E692A-1E53-4057-940B-0430438163AC}.Debug|x86.Build.0 = Debug|Any CPU
		{451E692A-1E53-4057-940B-0430438163AC}.Release|Any CPU.ActiveCfg = Release|Any CPU
		{451E692A-1E53-4057-940B-0430438163AC}.Release|Any CPU.Build.0 = Release|Any CPU
		{451E692A-1E53-4057-940B-0430438163AC}.Release|ARM.ActiveCfg = Release|Any CPU
		{451E692A-1E53-4057-940B-0430438163AC}.Release|ARM.Build.0 = Release|Any CPU
		{451E692A-1E53-4057-940B-0430438163AC}.Release|x64.ActiveCfg = Release|Any CPU
		{451E692A-1E53-4057-940B-0430438163AC}.Release|x64.Build.0 = Release|Any CPU
		{451E692A-1E53-4057-940B-0430438163AC}.Release|x86.ActiveCfg = Release|Any CPU
		{451E692A-1E53-4057-940B-0430438163AC}.Release|x86.Build.0 = Release|Any CPU
		{7EAB9E73-D4C7-4223-8F13-E1DC1F416B16}.Debug|Any CPU.ActiveCfg = Debug|Any CPU
		{7EAB9E73-D4C7-4223-8F13-E1DC1F416B16}.Debug|Any CPU.Build.0 = Debug|Any CPU
		{7EAB9E73-D4C7-4223-8F13-E1DC1F416B16}.Debug|ARM.ActiveCfg = Debug|Any CPU
		{7EAB9E73-D4C7-4223-8F13-E1DC1F416B16}.Debug|ARM.Build.0 = Debug|Any CPU
		{7EAB9E73-D4C7-4223-8F13-E1DC1F416B16}.Debug|x64.ActiveCfg = Debug|Any CPU
		{7EAB9E73-D4C7-4223-8F13-E1DC1F416B16}.Debug|x64.Build.0 = Debug|Any CPU
		{7EAB9E73-D4C7-4223-8F13-E1DC1F416B16}.Debug|x86.ActiveCfg = Debug|Any CPU
		{7EAB9E73-D4C7-4223-8F13-E1DC1F416B16}.Debug|x86.Build.0 = Debug|Any CPU
		{7EAB9E73-D4C7-4223-8F13-E1DC1F416B16}.Release|Any CPU.ActiveCfg = Release|Any CPU
		{7EAB9E73-D4C7-4223-8F13-E1DC1F416B16}.Release|Any CPU.Build.0 = Release|Any CPU
		{7EAB9E73-D4C7-4223-8F13-E1DC1F416B16}.Release|ARM.ActiveCfg = Release|Any CPU
		{7EAB9E73-D4C7-4223-8F13-E1DC1F416B16}.Release|ARM.Build.0 = Release|Any CPU
		{7EAB9E73-D4C7-4223-8F13-E1DC1F416B16}.Release|x64.ActiveCfg = Release|Any CPU
		{7EAB9E73-D4C7-4223-8F13-E1DC1F416B16}.Release|x64.Build.0 = Release|Any CPU
		{7EAB9E73-D4C7-4223-8F13-E1DC1F416B16}.Release|x86.ActiveCfg = Release|Any CPU
		{7EAB9E73-D4C7-4223-8F13-E1DC1F416B16}.Release|x86.Build.0 = Release|Any CPU
		{C37CD48B-8D7E-4792-82D6-B95A702C3FF7}.Debug|Any CPU.ActiveCfg = Debug|Any CPU
		{C37CD48B-8D7E-4792-82D6-B95A702C3FF7}.Debug|Any CPU.Build.0 = Debug|Any CPU
		{C37CD48B-8D7E-4792-82D6-B95A702C3FF7}.Debug|ARM.ActiveCfg = Debug|Any CPU
		{C37CD48B-8D7E-4792-82D6-B95A702C3FF7}.Debug|ARM.Build.0 = Debug|Any CPU
		{C37CD48B-8D7E-4792-82D6-B95A702C3FF7}.Debug|x64.ActiveCfg = Debug|Any CPU
		{C37CD48B-8D7E-4792-82D6-B95A702C3FF7}.Debug|x64.Build.0 = Debug|Any CPU
		{C37CD48B-8D7E-4792-82D6-B95A702C3FF7}.Debug|x86.ActiveCfg = Debug|Any CPU
		{C37CD48B-8D7E-4792-82D6-B95A702C3FF7}.Debug|x86.Build.0 = Debug|Any CPU
		{C37CD48B-8D7E-4792-82D6-B95A702C3FF7}.Release|Any CPU.ActiveCfg = Release|Any CPU
		{C37CD48B-8D7E-4792-82D6-B95A702C3FF7}.Release|Any CPU.Build.0 = Release|Any CPU
		{C37CD48B-8D7E-4792-82D6-B95A702C3FF7}.Release|ARM.ActiveCfg = Release|Any CPU
		{C37CD48B-8D7E-4792-82D6-B95A702C3FF7}.Release|ARM.Build.0 = Release|Any CPU
		{C37CD48B-8D7E-4792-82D6-B95A702C3FF7}.Release|x64.ActiveCfg = Release|Any CPU
		{C37CD48B-8D7E-4792-82D6-B95A702C3FF7}.Release|x64.Build.0 = Release|Any CPU
		{C37CD48B-8D7E-4792-82D6-B95A702C3FF7}.Release|x86.ActiveCfg = Release|Any CPU
		{C37CD48B-8D7E-4792-82D6-B95A702C3FF7}.Release|x86.Build.0 = Release|Any CPU
		{0D830752-94B6-4DC8-B98C-C9C4B641EACB}.Debug|Any CPU.ActiveCfg = Debug|Any CPU
		{0D830752-94B6-4DC8-B98C-C9C4B641EACB}.Debug|Any CPU.Build.0 = Debug|Any CPU
		{0D830752-94B6-4DC8-B98C-C9C4B641EACB}.Debug|ARM.ActiveCfg = Debug|Any CPU
		{0D830752-94B6-4DC8-B98C-C9C4B641EACB}.Debug|ARM.Build.0 = Debug|Any CPU
		{0D830752-94B6-4DC8-B98C-C9C4B641EACB}.Debug|x64.ActiveCfg = Debug|Any CPU
		{0D830752-94B6-4DC8-B98C-C9C4B641EACB}.Debug|x64.Build.0 = Debug|Any CPU
		{0D830752-94B6-4DC8-B98C-C9C4B641EACB}.Debug|x86.ActiveCfg = Debug|Any CPU
		{0D830752-94B6-4DC8-B98C-C9C4B641EACB}.Debug|x86.Build.0 = Debug|Any CPU
		{0D830752-94B6-4DC8-B98C-C9C4B641EACB}.Release|Any CPU.ActiveCfg = Release|Any CPU
		{0D830752-94B6-4DC8-B98C-C9C4B641EACB}.Release|Any CPU.Build.0 = Release|Any CPU
		{0D830752-94B6-4DC8-B98C-C9C4B641EACB}.Release|ARM.ActiveCfg = Release|Any CPU
		{0D830752-94B6-4DC8-B98C-C9C4B641EACB}.Release|ARM.Build.0 = Release|Any CPU
		{0D830752-94B6-4DC8-B98C-C9C4B641EACB}.Release|x64.ActiveCfg = Release|Any CPU
		{0D830752-94B6-4DC8-B98C-C9C4B641EACB}.Release|x64.Build.0 = Release|Any CPU
		{0D830752-94B6-4DC8-B98C-C9C4B641EACB}.Release|x86.ActiveCfg = Release|Any CPU
		{0D830752-94B6-4DC8-B98C-C9C4B641EACB}.Release|x86.Build.0 = Release|Any CPU
	EndGlobalSection
	GlobalSection(SolutionProperties) = preSolution
		HideSolutionNode = FALSE
	EndGlobalSection
	GlobalSection(ExtensibilityGlobals) = postSolution
		SolutionGuid = {BADFBEE1-FAD2-49F5-BDE9-A5B2DED87902}
	EndGlobalSection
EndGlobal
